
Microsoft Visual Studio Solution File, Format Version 12.00
# Visual Studio Version 17
VisualStudioVersion = 17.14.36811.4 d17.14
MinimumVisualStudioVersion = 10.0.40219.1
Project("{FAE04EC0-301F-11D3-BF4B-00C04F79EFBC}") = "Frontend_MarikinaAlert", "Frontend_MarikinaAlert\Frontend_MarikinaAlert.csproj", "{74D97A77-618E-4B9E-9DFB-27279135DC74}"
EndProject
Global
	GlobalSection(SolutionConfigurationPlatforms) = preSolution
		Debug|Any CPU = Debug|Any CPU
		Release|Any CPU = Release|Any CPU
	EndGlobalSection
	GlobalSection(ProjectConfigurationPlatforms) = postSolution
		{74D97A77-618E-4B9E-9DFB-27279135DC74}.Debug|Any CPU.ActiveCfg = Debug|Any CPU
		{74D97A77-618E-4B9E-9DFB-27279135DC74}.Debug|Any CPU.Build.0 = Debug|Any CPU
		{74D97A77-618E-4B9E-9DFB-27279135DC74}.Release|Any CPU.ActiveCfg = Release|Any CPU
		{74D97A77-618E-4B9E-9DFB-27279135DC74}.Release|Any CPU.Build.0 = Release|Any CPU
	EndGlobalSection
	GlobalSection(SolutionProperties) = preSolution
		HideSolutionNode = FALSE
	EndGlobalSection
	GlobalSection(ExtensibilityGlobals) = postSolution
		SolutionGuid = {EF298D42-D9D5-4A23-9F25-51CC88EF6522}
	EndGlobalSection
EndGlobal
